
Microsoft Visual Studio Solution File, Format Version 12.00
# Visual Studio 15
VisualStudioVersion = 15.0.28307.102
MinimumVisualStudioVersion = 10.0.40219.1
Project("{FAE04EC0-301F-11D3-BF4B-00C04F79EFBC}") = "BerlinClock", "BerlinClock.csproj", "{0451204D-BF86-43E1-B560-FC9AC830B9A9}"
EndProject
Project("{FAE04EC0-301F-11D3-BF4B-00C04F79EFBC}") = "XUnitTestProject1", "XUnitTestProject1\XUnitTestProject1.csproj", "{F4BC5FB1-CE92-4B5E-934A-328913E1DD87}"
EndProject
Project("{FAE04EC0-301F-11D3-BF4B-00C04F79EFBC}") = "SpectFlowTest", "SpectFlowTest\SpectFlowTest.csproj", "{E93FC768-1722-4176-B26E-929A91707C31}"
EndProject
Global
	GlobalSection(SolutionConfigurationPlatforms) = preSolution
		Debug|Any CPU = Debug|Any CPU
		Release|Any CPU = Release|Any CPU
	EndGlobalSection
	GlobalSection(ProjectConfigurationPlatforms) = postSolution
		{0451204D-BF86-43E1-B560-FC9AC830B9A9}.Debug|Any CPU.ActiveCfg = Debug|Any CPU
		{0451204D-BF86-43E1-B560-FC9AC830B9A9}.Debug|Any CPU.Build.0 = Debug|Any CPU
		{0451204D-BF86-43E1-B560-FC9AC830B9A9}.Release|Any CPU.ActiveCfg = Release|Any CPU
		{0451204D-BF86-43E1-B560-FC9AC830B9A9}.Release|Any CPU.Build.0 = Release|Any CPU
		{F4BC5FB1-CE92-4B5E-934A-328913E1DD87}.Debug|Any CPU.ActiveCfg = Debug|Any CPU
		{F4BC5FB1-CE92-4B5E-934A-328913E1DD87}.Debug|Any CPU.Build.0 = Debug|Any CPU
		{F4BC5FB1-CE92-4B5E-934A-328913E1DD87}.Release|Any CPU.ActiveCfg = Release|Any CPU
		{F4BC5FB1-CE92-4B5E-934A-328913E1DD87}.Release|Any CPU.Build.0 = Release|Any CPU
		{E93FC768-1722-4176-B26E-929A91707C31}.Debug|Any CPU.ActiveCfg = Debug|Any CPU
		{E93FC768-1722-4176-B26E-929A91707C31}.Debug|Any CPU.Build.0 = Debug|Any CPU
		{E93FC768-1722-4176-B26E-929A91707C31}.Release|Any CPU.ActiveCfg = Release|Any CPU
		{E93FC768-1722-4176-B26E-929A91707C31}.Release|Any CPU.Build.0 = Release|Any CPU
	EndGlobalSection
	GlobalSection(SolutionProperties) = preSolution
		HideSolutionNode = FALSE
	EndGlobalSection
	GlobalSection(ExtensibilityGlobals) = postSolution
		SolutionGuid = {84812F61-B50B-45FB-8C7B-F183CDD3D315}
	EndGlobalSection
EndGlobal
